
Microsoft Visual Studio Solution File, Format Version 11.00
# Visual Studio 2010
# SharpDevelop 4.3
Project("{FAE04EC0-301F-11D3-BF4B-00C04F79EFBC}") = "InvoiceManager", "InvoiceManager\InvoiceManager.csproj", "{BEFD930D-3965-453E-B38D-91E3903E8AEB}"
EndProject
Global
	GlobalSection(SolutionConfigurationPlatforms) = preSolution
		Debug|Any CPU = Debug|Any CPU
		Release|Any CPU = Release|Any CPU
	EndGlobalSection
	GlobalSection(ProjectConfigurationPlatforms) = postSolution
		{BEFD930D-3965-453E-B38D-91E3903E8AEB}.Debug|Any CPU.Build.0 = Debug|Any CPU
		{BEFD930D-3965-453E-B38D-91E3903E8AEB}.Debug|Any CPU.ActiveCfg = Debug|Any CPU
		{BEFD930D-3965-453E-B38D-91E3903E8AEB}.Release|Any CPU.Build.0 = Release|Any CPU
		{BEFD930D-3965-453E-B38D-91E3903E8AEB}.Release|Any CPU.ActiveCfg = Release|Any CPU
	EndGlobalSection
EndGlobal
